{
  "name": "sevice",
  "lockfileVersion": 3,
  "requires": true,
  "packages": {
    "": {
      "dependencies": {
        "chrome-devtools-mcp": "^0.20.2"
      }
    },
    "node_modules/chrome-devtools-mcp": {
      "version": "0.20.2",
      "resolved": "https://registry.npmmirror.com/chrome-devtools-mcp/-/chrome-devtools-mcp-0.20.2.tgz",
      "integrity": "sha512-QYwRj8YJjvFHODiYVDJpHaUYLD8/wt0DP+HXQPn/IF+QbbAfr7Vn2JtACyrIPEzTX3XJXgDPZkr4gSYHRDgqvQ==",
      "license": "Apache-2.0",
      "bin": {
        "chrome-devtools": "build/src/bin/chrome-devtools.js",
        "chrome-devtools-mcp": "build/src/bin/chrome-devtools-mcp.js"
      },
      "engines": {
        "node": "^20.19.0 || ^22.12.0 || >=23"
      }
    }
  }
}
